{
  "name": "code-review-generator",
  "version": "1.0.0",
  "lockfileVersion": 3,
  "requires": true,
  "packages": {
    "": {
      "name": "code-review-generator",
      "version": "1.0.0",
      "license": "MIT",
      "bin": {
        "code-review": "code-review-generator.js"
      },
      "devDependencies": {},
      "engines": {
        "node": ">=14.0.0"
      }
    }
  }
}
